// !$*UTF8*$!
{
	archiveVersion = 1;
	classes = {
	};
	objectVersion = 50;
	objects = {

/* Begin PBXBuildFile section */
		0E12340F214BCF4A00D3D740 /* RateEvents.tracetemplate in Resources */ = {isa = PBXBuildFile; fileRef = 0E12340E214BCF4A00D3D740 /* RateEvents.tracetemplate */; };
		0E1B71C621FD797D00AA0640 /* Tracer.instrpkg in Sources */ = {isa = PBXBuildFile; fileRef = 0E1B71C521FD797D00AA0640 /* Tracer.instrpkg */; };
		0EAB6334222971CC0038BAF0 /* Tracer.tracetemplate in Resources */ = {isa = PBXBuildFile; fileRef = 0EAB6333222971CC0038BAF0 /* Tracer.tracetemplate */; };
		0EB89F2320CE65DF00E18144 /* AppDelegate.swift in Sources */ = {isa = PBXBuildFile; fileRef = 0EB89F2220CE65DF00E18144 /* AppDelegate.swift */; };
		0EB89F2520CE65DF00E18144 /* ViewController.swift in Sources */ = {isa = PBXBuildFile; fileRef = 0EB89F2420CE65DF00E18144 /* ViewController.swift */; };
		0EB89F2820CE65DF00E18144 /* Main.storyboard in Resources */ = {isa = PBXBuildFile; fileRef = 0EB89F2620CE65DF00E18144 /* Main.storyboard */; };
		0EB89F2A20CE65E100E18144 /* Assets.xcassets in Resources */ = {isa = PBXBuildFile; fileRef = 0EB89F2920CE65E100E18144 /* Assets.xcassets */; };
		0EB89F2D20CE65E100E18144 /* LaunchScreen.storyboard in Resources */ = {isa = PBXBuildFile; fileRef = 0EB89F2B20CE65E100E18144 /* LaunchScreen.storyboard */; };
		0EB89F3920CE6B7200E18144 /* EventPackage.instrpkg in Sources */ = {isa = PBXBuildFile; fileRef = 0EB89F3820CE6B7200E18144 /* EventPackage.instrpkg */; };
		0EEB1F6220CFB91F00CBF532 /* Uptime.m in Sources */ = {isa = PBXBuildFile; fileRef = 0EEB1F6120CFB91F00CBF532 /* Uptime.m */; };
/* End PBXBuildFile section */

/* Begin PBXFileReference section */
		0E12340E214BCF4A00D3D740 /* RateEvents.tracetemplate */ = {isa = PBXFileReference; lastKnownFileType = file.bplist; path = RateEvents.tracetemplate; sourceTree = "<group>"; };
		0E1B71C321FD797D00AA0640 /* Tracer.instrdst */ = {isa = PBXFileReference; explicitFileType = com.apple.instruments.instrdst; includeInIndex = 0; path = Tracer.instrdst; sourceTree = BUILT_PRODUCTS_DIR; };
		0E1B71C521FD797D00AA0640 /* Tracer.instrpkg */ = {isa = PBXFileReference; lastKnownFileType = "com.apple.instruments.package-definition"; path = Tracer.instrpkg; sourceTree = "<group>"; };
		0EAB6333222971CC0038BAF0 /* Tracer.tracetemplate */ = {isa = PBXFileReference; lastKnownFileType = file.bplist; path = Tracer.tracetemplate; sourceTree = "<group>"; };
		0EB89F1F20CE65DF00E18144 /* Package.app */ = {isa = PBXFileReference; explicitFileType = wrapper.application; includeInIndex = 0; path = Package.app; sourceTree = BUILT_PRODUCTS_DIR; };
		0EB89F2220CE65DF00E18144 /* AppDelegate.swift */ = {isa = PBXFileReference; lastKnownFileType = sourcecode.swift; path = AppDelegate.swift; sourceTree = "<group>"; };
		0EB89F2420CE65DF00E18144 /* ViewController.swift */ = {isa = PBXFileReference; lastKnownFileType = sourcecode.swift; path = ViewController.swift; sourceTree = "<group>"; };
		0EB89F2720CE65DF00E18144 /* Base */ = {isa = PBXFileReference; lastKnownFileType = file.storyboard; name = Base; path = Base.lproj/Main.storyboard; sourceTree = "<group>"; };
		0EB89F2920CE65E100E18144 /* Assets.xcassets */ = {isa = PBXFileReference; lastKnownFileType = folder.assetcatalog; path = Assets.xcassets; sourceTree = "<group>"; };
		0EB89F2C20CE65E100E18144 /* Base */ = {isa = PBXFileReference; lastKnownFileType = file.storyboard; name = Base; path = Base.lproj/LaunchScreen.storyboard; sourceTree = "<group>"; };
		0EB89F2E20CE65E100E18144 /* Info.plist */ = {isa = PBXFileReference; lastKnownFileType = text.plist.xml; path = Info.plist; sourceTree = "<group>"; };
		0EB89F3620CE6B7100E18144 /* EventPackage.instrdst */ = {isa = PBXFileReference; explicitFileType = com.apple.instruments.instrdst; includeInIndex = 0; path = EventPackage.instrdst; sourceTree = BUILT_PRODUCTS_DIR; };
		0EB89F3820CE6B7200E18144 /* EventPackage.instrpkg */ = {isa = PBXFileReference; lastKnownFileType = "com.apple.instruments.package-definition"; path = EventPackage.instrpkg; sourceTree = "<group>"; };
		0EEB1F5F20CFB91F00CBF532 /* Package-Bridging-Header.h */ = {isa = PBXFileReference; lastKnownFileType = sourcecode.c.h; path = "Package-Bridging-Header.h"; sourceTree = "<group>"; };
		0EEB1F6020CFB91F00CBF532 /* Uptime.h */ = {isa = PBXFileReference; lastKnownFileType = sourcecode.c.h; path = Uptime.h; sourceTree = "<group>"; };
		0EEB1F6120CFB91F00CBF532 /* Uptime.m */ = {isa = PBXFileReference; lastKnownFileType = sourcecode.c.objc; path = Uptime.m; sourceTree = "<group>"; };
/* End PBXFileReference section */

/* Begin PBXFrameworksBuildPhase section */
		0EB89F1C20CE65DF00E18144 /* Frameworks */ = {
			isa = PBXFrameworksBuildPhase;
			buildActionMask = 2147483647;
			files = (
			);
			runOnlyForDeploymentPostprocessing = 0;
		};
/* End PBXFrameworksBuildPhase section */

/* Begin PBXGroup section */
		0E1B71C421FD797D00AA0640 /* Tracer */ = {
			isa = PBXGroup;
			children = (
				0EAB6333222971CC0038BAF0 /* Tracer.tracetemplate */,
				0E1B71C521FD797D00AA0640 /* Tracer.instrpkg */,
			);
			path = Tracer;
			sourceTree = "<group>";
		};
		0EB89F1620CE65DF00E18144 = {
			isa = PBXGroup;
			children = (
				0EB89F2120CE65DF00E18144 /* Package */,
				0EB89F3720CE6B7200E18144 /* EventPackage */,
				0E1B71C421FD797D00AA0640 /* Tracer */,
				0EB89F2020CE65DF00E18144 /* Products */,
			);
			sourceTree = "<group>";
		};
		0EB89F2020CE65DF00E18144 /* Products */ = {
			isa = PBXGroup;
			children = (
				0EB89F1F20CE65DF00E18144 /* Package.app */,
				0EB89F3620CE6B7100E18144 /* EventPackage.instrdst */,
				0E1B71C321FD797D00AA0640 /* Tracer.instrdst */,
			);
			name = Products;
			sourceTree = "<group>";
		};
		0EB89F2120CE65DF00E18144 /* Package */ = {
			isa = PBXGroup;
			children = (
				0EB89F2220CE65DF00E18144 /* AppDelegate.swift */,
				0EB89F2420CE65DF00E18144 /* ViewController.swift */,
				0EB89F2620CE65DF00E18144 /* Main.storyboard */,
				0EB89F2920CE65E100E18144 /* Assets.xcassets */,
				0EB89F2B20CE65E100E18144 /* LaunchScreen.storyboard */,
				0EB89F2E20CE65E100E18144 /* Info.plist */,
				0EEB1F6020CFB91F00CBF532 /* Uptime.h */,
				0EEB1F6120CFB91F00CBF532 /* Uptime.m */,
				0EEB1F5F20CFB91F00CBF532 /* Package-Bridging-Header.h */,
			);
			path = Package;
			sourceTree = "<group>";
		};
		0EB89F3720CE6B7200E18144 /* EventPackage */ = {
			isa = PBXGroup;
			children = (
				0E12340E214BCF4A00D3D740 /* RateEvents.tracetemplate */,
				0EB89F3820CE6B7200E18144 /* EventPackage.instrpkg */,
			);
			path = EventPackage;
			sourceTree = "<group>";
		};
/* End PBXGroup section */

/* Begin PBXNativeTarget section */
		0E1B71C221FD797D00AA0640 /* Tracer */ = {
			isa = PBXNativeTarget;
			buildConfigurationList = 0E1B71C921FD797D00AA0640 /* Build configuration list for PBXNativeTarget "Tracer" */;
			buildPhases = (
				0E1B71C121FD797D00AA0640 /* Sources */,
			);
			buildRules = (
			);
			dependencies = (
			);
			name = Tracer;
			productName = Tracer;
			productReference = 0E1B71C321FD797D00AA0640 /* Tracer.instrdst */;
			productType = "com.apple.product-type.instruments-package";
		};
		0EB89F1E20CE65DF00E18144 /* Package */ = {
			isa = PBXNativeTarget;
			buildConfigurationList = 0EB89F3120CE65E100E18144 /* Build configuration list for PBXNativeTarget "Package" */;
			buildPhases = (
				0EB89F1B20CE65DF00E18144 /* Sources */,
				0EB89F1C20CE65DF00E18144 /* Frameworks */,
				0EB89F1D20CE65DF00E18144 /* Resources */,
			);
			buildRules = (
			);
			dependencies = (
			);
			name = Package;
			productName = Package;
			productReference = 0EB89F1F20CE65DF00E18144 /* Package.app */;
			productType = "com.apple.product-type.application";
		};
		0EB89F3520CE6B7100E18144 /* EventPackage */ = {
			isa = PBXNativeTarget;
			buildConfigurationList = 0EB89F3A20CE6B7200E18144 /* Build configuration list for PBXNativeTarget "EventPackage" */;
			buildPhases = (
				0EB89F3420CE6B7100E18144 /* Sources */,
				0E12340C214BCF0C00D3D740 /* Resources */,
			);
			buildRules = (
			);
			dependencies = (
			);
			name = EventPackage;
			productName = EventPackage;
			productReference = 0EB89F3620CE6B7100E18144 /* EventPackage.instrdst */;
			productType = "com.apple.product-type.instruments-package";
		};
/* End PBXNativeTarget section */

/* Begin PBXProject section */
		0EB89F1720CE65DF00E18144 /* Project object */ = {
			isa = PBXProject;
			attributes = {
				LastSwiftUpdateCheck = 1000;
				LastUpgradeCheck = 1000;
				ORGANIZATIONNAME = AppSpector;
				TargetAttributes = {
					0E1B71C221FD797D00AA0640 = {
						CreatedOnToolsVersion = 10.1;
					};
					0EB89F1E20CE65DF00E18144 = {
						CreatedOnToolsVersion = 10.0;
						LastSwiftMigration = 1000;
					};
					0EB89F3520CE6B7100E18144 = {
						CreatedOnToolsVersion = 10.0;
					};
				};
			};
			buildConfigurationList = 0EB89F1A20CE65DF00E18144 /* Build configuration list for PBXProject "Package" */;
			compatibilityVersion = "Xcode 9.3";
			developmentRegion = en;
			hasScannedForEncodings = 0;
			knownRegions = (
				en,
				Base,
			);
			mainGroup = 0EB89F1620CE65DF00E18144;
			productRefGroup = 0EB89F2020CE65DF00E18144 /* Products */;
			projectDirPath = "";
			projectRoot = "";
			targets = (
				0EB89F1E20CE65DF00E18144 /* Package */,
				0EB89F3520CE6B7100E18144 /* EventPackage */,
				0E1B71C221FD797D00AA0640 /* Tracer */,
			);
		};
/* End PBXProject section */

/* Begin PBXResourcesBuildPhase section */
		0E12340C214BCF0C00D3D740 /* Resources */ = {
			isa = PBXResourcesBuildPhase;
			buildActionMask = 2147483647;
			files = (
				0E12340F214BCF4A00D3D740 /* RateEvents.tracetemplate in Resources */,
			);
			runOnlyForDeploymentPostprocessing = 0;
		};
		0EB89F1D20CE65DF00E18144 /* Resources */ = {
			isa = PBXResourcesBuildPhase;
			buildActionMask = 2147483647;
			files = (
				0EB89F2D20CE65E100E18144 /* LaunchScreen.storyboard in Resources */,
				0EB89F2A20CE65E100E18144 /* Assets.xcassets in Resources */,
				0EAB6334222971CC0038BAF0 /* Tracer.tracetemplate in Resources */,
				0EB89F2820CE65DF00E18144 /* Main.storyboard in Resources */,
			);
			runOnlyForDeploymentPostprocessing = 0;
		};
/* End PBXResourcesBuildPhase section */

/* Begin PBXSourcesBuildPhase section */
		0E1B71C121FD797D00AA0640 /* Sources */ = {
			isa = PBXSourcesBuildPhase;
			buildActionMask = 2147483647;
			files = (
				0E1B71C621FD797D00AA0640 /* Tracer.instrpkg in Sources */,
			);
			runOnlyForDeploymentPostprocessing = 0;
		};
		0EB89F1B20CE65DF00E18144 /* Sources */ = {
			isa = PBXSourcesBuildPhase;
			buildActionMask = 2147483647;
			files = (
				0EB89F2520CE65DF00E18144 /* ViewController.swift in Sources */,
				0EEB1F6220CFB91F00CBF532 /* Uptime.m in Sources */,
				0EB89F2320CE65DF00E18144 /* AppDelegate.swift in Sources */,
			);
			runOnlyForDeploymentPostprocessing = 0;
		};
		0EB89F3420CE6B7100E18144 /* Sources */ = {
			isa = PBXSourcesBuildPhase;
			buildActionMask = 2147483647;
			files = (
				0EB89F3920CE6B7200E18144 /* EventPackage.instrpkg in Sources */,
			);
			runOnlyForDeploymentPostprocessing = 0;
		};
/* End PBXSourcesBuildPhase section */

/* Begin PBXVariantGroup section */
		0EB89F2620CE65DF00E18144 /* Main.storyboard */ = {
			isa = PBXVariantGroup;
			children = (
				0EB89F2720CE65DF00E18144 /* Base */,
			);
			name = Main.storyboard;
			sourceTree = "<group>";
		};
		0EB89F2B20CE65E100E18144 /* LaunchScreen.storyboard */ = {
			isa = PBXVariantGroup;
			children = (
				0EB89F2C20CE65E100E18144 /* Base */,
			);
			name = LaunchScreen.storyboard;
			sourceTree = "<group>";
		};
/* End PBXVariantGroup section */

/* Begin XCBuildConfiguration section */
		0E1B71C721FD797D00AA0640 /* Debug */ = {
			isa = XCBuildConfiguration;
			buildSettings = {
				ALWAYS_SEARCH_USER_PATHS = NO;
				CODE_SIGN_STYLE = Automatic;
				DEVELOPMENT_TEAM = AM5334753U;
				INSTALL_PATH = "$(LOCAL_LIBRARY_DIR)/Instruments/Packages";
				PRODUCT_NAME = "$(TARGET_NAME)";
				VERSIONING_SYSTEM = "";
			};
			name = Debug;
		};
		0E1B71C821FD797D00AA0640 /* Release */ = {
			isa = XCBuildConfiguration;
			buildSettings = {
				ALWAYS_SEARCH_USER_PATHS = NO;
				CODE_SIGN_STYLE = Automatic;
				DEVELOPMENT_TEAM = AM5334753U;
				INSTALL_PATH = "$(LOCAL_LIBRARY_DIR)/Instruments/Packages";
				PRODUCT_NAME = "$(TARGET_NAME)";
				VERSIONING_SYSTEM = "";
			};
			name = Release;
		};
		0EB89F2F20CE65E100E18144 /* Debug */ = {
			isa = XCBuildConfiguration;
			buildSettings = {
				ALWAYS_SEARCH_USER_PATHS = NO;
				CLANG_ANALYZER_NONNULL = YES;
				CLANG_ANALYZER_NUMBER_OBJECT_CONVERSION = YES_AGGRESSIVE;
				CLANG_CXX_LANGUAGE_STANDARD = "gnu++14";
				CLANG_CXX_LIBRARY = "libc++";
				CLANG_ENABLE_MODULES = YES;
				CLANG_ENABLE_OBJC_ARC = YES;
				CLANG_ENABLE_OBJC_WEAK = YES;
				CLANG_WARN_BLOCK_CAPTURE_AUTORELEASING = YES;
				CLANG_WARN_BOOL_CONVERSION = YES;
				CLANG_WARN_COMMA = YES;
				CLANG_WARN_CONSTANT_CONVERSION = YES;
				CLANG_WARN_DEPRECATED_OBJC_IMPLEMENTATIONS = YES;
				CLANG_WARN_DIRECT_OBJC_ISA_USAGE = YES_ERROR;
				CLANG_WARN_DOCUMENTATION_COMMENTS = YES;
				CLANG_WARN_EMPTY_BODY = YES;
				CLANG_WARN_ENUM_CONVERSION = YES;
				CLANG_WARN_INFINITE_RECURSION = YES;
				CLANG_WARN_INT_CONVERSION = YES;
				CLANG_WARN_NON_LITERAL_NULL_CONVERSION = YES;
				CLANG_WARN_OBJC_IMPLICIT_RETAIN_SELF = YES;
				CLANG_WARN_OBJC_LITERAL_CONVERSION = YES;
				CLANG_WARN_OBJC_ROOT_CLASS = YES_ERROR;
				CLANG_WARN_RANGE_LOOP_ANALYSIS = YES;
				CLANG_WARN_STRICT_PROTOTYPES = YES;
				CLANG_WARN_SUSPICIOUS_MOVE = YES;
				CLANG_WARN_UNGUARDED_AVAILABILITY = YES_AGGRESSIVE;
				CLANG_WARN_UNREACHABLE_CODE = YES;
				CLANG_WARN__DUPLICATE_METHOD_MATCH = YES;
				CODE_SIGN_IDENTITY = "iPhone Developer";
				COPY_PHASE_STRIP = NO;
				DEBUG_INFORMATION_FORMAT = dwarf;
				ENABLE_STRICT_OBJC_MSGSEND = YES;
				ENABLE_TESTABILITY = YES;
				GCC_C_LANGUAGE_STANDARD = gnu11;
				GCC_DYNAMIC_NO_PIC = NO;
				GCC_NO_COMMON_BLOCKS = YES;
				GCC_OPTIMIZATION_LEVEL = 0;
				GCC_PREPROCESSOR_DEFINITIONS = (
					"DEBUG=1",
					"$(inherited)",
				);
				GCC_WARN_64_TO_32_BIT_CONVERSION = YES;
				GCC_WARN_ABOUT_RETURN_TYPE = YES_ERROR;
				GCC_WARN_UNDECLARED_SELECTOR = YES;
				GCC_WARN_UNINITIALIZED_AUTOS = YES_AGGRESSIVE;
				GCC_WARN_UNUSED_FUNCTION = YES;
				GCC_WARN_UNUSED_VARIABLE = YES;
				IPHONEOS_DEPLOYMENT_TARGET = 12.0;
				MTL_ENABLE_DEBUG_INFO = INCLUDE_SOURCE;
				ONLY_ACTIVE_ARCH = YES;
				SDKROOT = iphoneos;
				SWIFT_ACTIVE_COMPILATION_CONDITIONS = DEBUG;
				SWIFT_OPTIMIZATION_LEVEL = "-Onone";
			};
			name = Debug;
		};
		0EB89F3020CE65E100E18144 /* Release */ = {
			isa = XCBuildConfiguration;
			buildSettings = {
				ALWAYS_SEARCH_USER_PATHS = NO;
				CLANG_ANALYZER_NONNULL = YES;
				CLANG_ANALYZER_NUMBER_OBJECT_CONVERSION = YES_AGGRESSIVE;
				CLANG_CXX_LANGUAGE_STANDARD = "gnu++14";
				CLANG_CXX_LIBRARY = "libc++";
				CLANG_ENABLE_MODULES = YES;
				CLANG_ENABLE_OBJC_ARC = YES;
				CLANG_ENABLE_OBJC_WEAK = YES;
				CLANG_WARN_BLOCK_CAPTURE_AUTORELEASING = YES;
				CLANG_WARN_BOOL_CONVERSION = YES;
				CLANG_WARN_COMMA = YES;
				CLANG_WARN_CONSTANT_CONVERSION = YES;
				CLANG_WARN_DEPRECATED_OBJC_IMPLEMENTATIONS = YES;
				CLANG_WARN_DIRECT_OBJC_ISA_USAGE = YES_ERROR;
				CLANG_WARN_DOCUMENTATION_COMMENTS = YES;
				CLANG_WARN_EMPTY_BODY = YES;
				CLANG_WARN_ENUM_CONVERSION = YES;
				CLANG_WARN_INFINITE_RECURSION = YES;
				CLANG_WARN_INT_CONVERSION = YES;
				CLANG_WARN_NON_LITERAL_NULL_CONVERSION = YES;
				CLANG_WARN_OBJC_IMPLICIT_RETAIN_SELF = YES;
				CLANG_WARN_OBJC_LITERAL_CONVERSION = YES;
				CLANG_WARN_OBJC_ROOT_CLASS = YES_ERROR;
				CLANG_WARN_RANGE_LOOP_ANALYSIS = YES;
				CLANG_WARN_STRICT_PROTOTYPES = YES;
				CLANG_WARN_SUSPICIOUS_MOVE = YES;
				CLANG_WARN_UNGUARDED_AVAILABILITY = YES_AGGRESSIVE;
				CLANG_WARN_UNREACHABLE_CODE = YES;
				CLANG_WARN__DUPLICATE_METHOD_MATCH = YES;
				CODE_SIGN_IDENTITY = "iPhone Developer";
				COPY_PHASE_STRIP = NO;
				DEBUG_INFORMATION_FORMAT = "dwarf-with-dsym";
				ENABLE_NS_ASSERTIONS = NO;
				ENABLE_STRICT_OBJC_MSGSEND = YES;
				GCC_C_LANGUAGE_STANDARD = gnu11;
				GCC_NO_COMMON_BLOCKS = YES;
				GCC_WARN_64_TO_32_BIT_CONVERSION = YES;
				GCC_WARN_ABOUT_RETURN_TYPE = YES_ERROR;
				GCC_WARN_UNDECLARED_SELECTOR = YES;
				GCC_WARN_UNINITIALIZED_AUTOS = YES_AGGRESSIVE;
				GCC_WARN_UNUSED_FUNCTION = YES;
				GCC_WARN_UNUSED_VARIABLE = YES;
				IPHONEOS_DEPLOYMENT_TARGET = 12.0;
				MTL_ENABLE_DEBUG_INFO = NO;
				SDKROOT = iphoneos;
				SWIFT_COMPILATION_MODE = wholemodule;
				SWIFT_OPTIMIZATION_LEVEL = "-O";
				VALIDATE_PRODUCT = YES;
			};
			name = Release;
		};
		0EB89F3220CE65E100E18144 /* Debug */ = {
			isa = XCBuildConfiguration;
			buildSettings = {
				ASSETCATALOG_COMPILER_APPICON_NAME = AppIcon;
				CLANG_ENABLE_MODULES = YES;
				CODE_SIGN_STYLE = Automatic;
				DEVELOPMENT_TEAM = KUDGTPXKVD;
				INFOPLIST_FILE = Package/Info.plist;
				IPHONEOS_DEPLOYMENT_TARGET = 12.0;
				LD_RUNPATH_SEARCH_PATHS = (
					"$(inherited)",
					"@executable_path/Frameworks",
				);
				PRODUCT_BUNDLE_IDENTIFIER = AP.Package;
				PRODUCT_NAME = "$(TARGET_NAME)";
				SWIFT_OBJC_BRIDGING_HEADER = "Package/Package-Bridging-Header.h";
				SWIFT_OPTIMIZATION_LEVEL = "-Onone";
				SWIFT_VERSION = 4.2;
				TARGETED_DEVICE_FAMILY = "1,2";
			};
			name = Debug;
		};
		0EB89F3320CE65E100E18144 /* Release */ = {
			isa = XCBuildConfiguration;
			buildSettings = {
				ASSETCATALOG_COMPILER_APPICON_NAME = AppIcon;
				CLANG_ENABLE_MODULES = YES;
				CODE_SIGN_STYLE = Automatic;
				DEVELOPMENT_TEAM = KUDGTPXKVD;
				INFOPLIST_FILE = Package/Info.plist;
				IPHONEOS_DEPLOYMENT_TARGET = 12.0;
				LD_RUNPATH_SEARCH_PATHS = (
					"$(inherited)",
					"@executable_path/Frameworks",
				);
				PRODUCT_BUNDLE_IDENTIFIER = AP.Package;
				PRODUCT_NAME = "$(TARGET_NAME)";
				SWIFT_OBJC_BRIDGING_HEADER = "Package/Package-Bridging-Header.h";
				SWIFT_VERSION = 4.2;
				TARGETED_DEVICE_FAMILY = "1,2";
			};
			name = Release;
		};
		0EB89F3B20CE6B7200E18144 /* Debug */ = {
			isa = XCBuildConfiguration;
			buildSettings = {
				CODE_SIGN_STYLE = Automatic;
				DEVELOPMENT_TEAM = KUDGTPXKVD;
				INSTALL_PATH = "$(LOCAL_LIBRARY_DIR)/Instruments/Packages";
				PRODUCT_NAME = "$(TARGET_NAME)";
				VERSIONING_SYSTEM = "";
			};
			name = Debug;
		};
		0EB89F3C20CE6B7200E18144 /* Release */ = {
			isa = XCBuildConfiguration;
			buildSettings = {
				CODE_SIGN_STYLE = Automatic;
				DEVELOPMENT_TEAM = KUDGTPXKVD;
				INSTALL_PATH = "$(LOCAL_LIBRARY_DIR)/Instruments/Packages";
				PRODUCT_NAME = "$(TARGET_NAME)";
				VERSIONING_SYSTEM = "";
			};
			name = Release;
		};
/* End XCBuildConfiguration section */

/* Begin XCConfigurationList section */
		0E1B71C921FD797D00AA0640 /* Build configuration list for PBXNativeTarget "Tracer" */ = {
			isa = XCConfigurationList;
			buildConfigurations = (
				0E1B71C721FD797D00AA0640 /* Debug */,
				0E1B71C821FD797D00AA0640 /* Release */,
			);
			defaultConfigurationIsVisible = 0;
			defaultConfigurationName = Release;
		};
		0EB89F1A20CE65DF00E18144 /* Build configuration list for PBXProject "Package" */ = {
			isa = XCConfigurationList;
			buildConfigurations = (
				0EB89F2F20CE65E100E18144 /* Debug */,
				0EB89F3020CE65E100E18144 /* Release */,
			);
			defaultConfigurationIsVisible = 0;
			defaultConfigurationName = Release;
		};
		0EB89F3120CE65E100E18144 /* Build configuration list for PBXNativeTarget "Package" */ = {
			isa = XCConfigurationList;
			buildConfigurations = (
				0EB89F3220CE65E100E18144 /* Debug */,
				0EB89F3320CE65E100E18144 /* Release */,
			);
			defaultConfigurationIsVisible = 0;
			defaultConfigurationName = Release;
		};
		0EB89F3A20CE6B7200E18144 /* Build configuration list for PBXNativeTarget "EventPackage" */ = {
			isa = XCConfigurationList;
			buildConfigurations = (
				0EB89F3B20CE6B7200E18144 /* Debug */,
				0EB89F3C20CE6B7200E18144 /* Release */,
			);
			defaultConfigurationIsVisible = 0;
			defaultConfigurationName = Release;
		};
/* End XCConfigurationList section */
	};
	rootObject = 0EB89F1720CE65DF00E18144 /* Project object */;
}
